
Microsoft Visual Studio Solution File, Format Version 12.00
# Visual Studio 15
VisualStudioVersion = 15.0.27703.2035
MinimumVisualStudioVersion = 10.0.40219.1
Project("{FAE04EC0-301F-11D3-BF4B-00C04F79EFBC}") = "Webapi_delay", "Webapi_delay\Webapi_delay.csproj", "{4DD1AFD1-75EA-4B72-AE17-4C073CDDCEF7}"
EndProject
Project("{FAE04EC0-301F-11D3-BF4B-00C04F79EFBC}") = "Client_API", "Client_API\Client_API.csproj", "{A0A9491F-458F-476D-AB1B-E51B26F3BD8E}"
EndProject
Global
	GlobalSection(SolutionConfigurationPlatforms) = preSolution
		Debug|Any CPU = Debug|Any CPU
		Release|Any CPU = Release|Any CPU
	EndGlobalSection
	GlobalSection(ProjectConfigurationPlatforms) = postSolution
		{4DD1AFD1-75EA-4B72-AE17-4C073CDDCEF7}.Debug|Any CPU.ActiveCfg = Debug|Any CPU
		{4DD1AFD1-75EA-4B72-AE17-4C073CDDCEF7}.Debug|Any CPU.Build.0 = Debug|Any CPU
		{4DD1AFD1-75EA-4B72-AE17-4C073CDDCEF7}.Release|Any CPU.ActiveCfg = Release|Any CPU
		{4DD1AFD1-75EA-4B72-AE17-4C073CDDCEF7}.Release|Any CPU.Build.0 = Release|Any CPU
		{A0A9491F-458F-476D-AB1B-E51B26F3BD8E}.Debug|Any CPU.ActiveCfg = Debug|Any CPU
		{A0A9491F-458F-476D-AB1B-E51B26F3BD8E}.Debug|Any CPU.Build.0 = Debug|Any CPU
		{A0A9491F-458F-476D-AB1B-E51B26F3BD8E}.Release|Any CPU.ActiveCfg = Release|Any CPU
		{A0A9491F-458F-476D-AB1B-E51B26F3BD8E}.Release|Any CPU.Build.0 = Release|Any CPU
	EndGlobalSection
	GlobalSection(SolutionProperties) = preSolution
		HideSolutionNode = FALSE
	EndGlobalSection
	GlobalSection(ExtensibilityGlobals) = postSolution
		SolutionGuid = {0C5ADD58-1C7D-4728-92C8-0343C04EFA70}
	EndGlobalSection
EndGlobal
